{
  "name": "kipro",
  "version": "1.0.0",
  "lockfileVersion": 2,
  "requires": true,
  "packages": {
    "": {
      "version": "1.0.0",
      "license": "ISC",
      "dependencies": {
        "date-fns": "^2.22.1",
        "move-file": "^2.1.0"
      }
    },
    "node_modules/date-fns": {
      "version": "2.22.1",
      "resolved": "https://registry.npmjs.org/date-fns/-/date-fns-2.22.1.tgz",
      "integrity": "sha512-yUFPQjrxEmIsMqlHhAhmxkuH769baF21Kk+nZwZGyrMoyLA+LugaQtC0+Tqf9CBUUULWwUJt6Q5ySI3LJDDCGg==",
      "engines": {
        "node": ">=0.11"
      },
      "funding": {
        "type": "opencollective",
        "url": "https://opencollective.com/date-fns"
      }
    },
    "node_modules/move-file": {
      "version": "2.1.0",
      "resolved": "https://registry.npmjs.org/move-file/-/move-file-2.1.0.tgz",
      "integrity": "sha512-i9qLW6gqboJ5Ht8bauZi7KlTnQ3QFpBCvMvFfEcHADKgHGeJ9BZMO7SFCTwHPV9Qa0du9DYY1Yx3oqlGt30nXA==",
      "dependencies": {
        "path-exists": "^4.0.0"
      },
      "engines": {
        "node": ">=10.17"
      },
      "funding": {
        "url": "https://github.com/sponsors/sindresorhus"
      }
    },
    "node_modules/path-exists": {
      "version": "4.0.0",
      "resolved": "https://registry.npmjs.org/path-exists/-/path-exists-4.0.0.tgz",
      "integrity": "sha512-ak9Qy5Q7jYb2Wwcey5Fpvg2KoAc/ZIhLSLOSBmRmygPsGwkVVt0fZa0qrtMz+m6tJTAHfZQ8FnmB4MG4LWy7/w==",
      "engines": {
        "node": ">=8"
      }
    }
  },
  "dependencies": {
    "date-fns": {
      "version": "2.22.1",
      "resolved": "https://registry.npmjs.org/date-fns/-/date-fns-2.22.1.tgz",
      "integrity": "sha512-yUFPQjrxEmIsMqlHhAhmxkuH769baF21Kk+nZwZGyrMoyLA+LugaQtC0+Tqf9CBUUULWwUJt6Q5ySI3LJDDCGg=="
    },
    "move-file": {
      "version": "2.1.0",
      "resolved": "https://registry.npmjs.org/move-file/-/move-file-2.1.0.tgz",
      "integrity": "sha512-i9qLW6gqboJ5Ht8bauZi7KlTnQ3QFpBCvMvFfEcHADKgHGeJ9BZMO7SFCTwHPV9Qa0du9DYY1Yx3oqlGt30nXA==",
      "requires": {
        "path-exists": "^4.0.0"
      }
    },
    "path-exists": {
      "version": "4.0.0",
      "resolved": "https://registry.npmjs.org/path-exists/-/path-exists-4.0.0.tgz",
      "integrity": "sha512-ak9Qy5Q7jYb2Wwcey5Fpvg2KoAc/ZIhLSLOSBmRmygPsGwkVVt0fZa0qrtMz+m6tJTAHfZQ8FnmB4MG4LWy7/w=="
    }
  }
}
